
Microsoft Visual Studio Solution File, Format Version 12.00
# Visual Studio Version 16
VisualStudioVersion = 16.0.31105.61
MinimumVisualStudioVersion = 10.0.40219.1
Project("{9A19103F-16F7-4668-BE54-9A1E7A4F7556}") = "Ncl.Common.Core", "Ncl.Common.Core\Ncl.Common.Core.csproj", "{2514F129-920B-486A-8E45-91C6C9897C36}"
EndProject
Project("{9A19103F-16F7-4668-BE54-9A1E7A4F7556}") = "Ncl.Common.Core.Tests", "Ncl.Common.Core.Tests\Ncl.Common.Core.Tests.csproj", "{5DA3BDAF-B383-4919-9F4F-E4110AC7C1D6}"
EndProject
Project("{9A19103F-16F7-4668-BE54-9A1E7A4F7556}") = "Ncl.Common.Csv", "Ncl.Common.Csv\Ncl.Common.Csv.csproj", "{74441457-67CB-49C0-A824-4C3ECDA05453}"
EndProject
Project("{FAE04EC0-301F-11D3-BF4B-00C04F79EFBC}") = "Ncl.Common.Csv.Tests", "Ncl.Common.Csv.Tests\Ncl.Common.Csv.Tests.csproj", "{F01DA28F-5C72-41B8-8166-4F71781DE414}"
EndProject
Project("{FAE04EC0-301F-11D3-BF4B-00C04F79EFBC}") = "Ncl.Common.Wpf", "Ncl.Common.Wpf\Ncl.Common.Wpf.csproj", "{82B93D8E-08B8-4264-ADC1-6CFC68EAFEB5}"
EndProject
Project("{FAE04EC0-301F-11D3-BF4B-00C04F79EFBC}") = "Ncl.Common.Wpf.Tests", "Ncl.Common.Wpf.Tests\Ncl.Common.Wpf.Tests.csproj", "{238E1F72-C87F-49AB-AE72-CC1FD505BD09}"
EndProject
Global
	GlobalSection(SolutionConfigurationPlatforms) = preSolution
		Debug|Any CPU = Debug|Any CPU
		Release|Any CPU = Release|Any CPU
	EndGlobalSection
	GlobalSection(ProjectConfigurationPlatforms) = postSolution
		{2514F129-920B-486A-8E45-91C6C9897C36}.Debug|Any CPU.ActiveCfg = Debug|Any CPU
		{2514F129-920B-486A-8E45-91C6C9897C36}.Debug|Any CPU.Build.0 = Debug|Any CPU
		{2514F129-920B-486A-8E45-91C6C9897C36}.Release|Any CPU.ActiveCfg = Release|Any CPU
		{2514F129-920B-486A-8E45-91C6C9897C36}.Release|Any CPU.Build.0 = Release|Any CPU
		{5DA3BDAF-B383-4919-9F4F-E4110AC7C1D6}.Debug|Any CPU.ActiveCfg = Debug|Any CPU
		{5DA3BDAF-B383-4919-9F4F-E4110AC7C1D6}.Debug|Any CPU.Build.0 = Debug|Any CPU
		{5DA3BDAF-B383-4919-9F4F-E4110AC7C1D6}.Release|Any CPU.ActiveCfg = Release|Any CPU
		{5DA3BDAF-B383-4919-9F4F-E4110AC7C1D6}.Release|Any CPU.Build.0 = Release|Any CPU
		{74441457-67CB-49C0-A824-4C3ECDA05453}.Debug|Any CPU.ActiveCfg = Debug|Any CPU
		{74441457-67CB-49C0-A824-4C3ECDA05453}.Debug|Any CPU.Build.0 = Debug|Any CPU
		{74441457-67CB-49C0-A824-4C3ECDA05453}.Release|Any CPU.ActiveCfg = Release|Any CPU
		{74441457-67CB-49C0-A824-4C3ECDA05453}.Release|Any CPU.Build.0 = Release|Any CPU
		{F01DA28F-5C72-41B8-8166-4F71781DE414}.Debug|Any CPU.ActiveCfg = Debug|Any CPU
		{F01DA28F-5C72-41B8-8166-4F71781DE414}.Debug|Any CPU.Build.0 = Debug|Any CPU
		{F01DA28F-5C72-41B8-8166-4F71781DE414}.Release|Any CPU.ActiveCfg = Release|Any CPU
		{F01DA28F-5C72-41B8-8166-4F71781DE414}.Release|Any CPU.Build.0 = Release|Any CPU
		{82B93D8E-08B8-4264-ADC1-6CFC68EAFEB5}.Debug|Any CPU.ActiveCfg = Debug|Any CPU
		{82B93D8E-08B8-4264-ADC1-6CFC68EAFEB5}.Debug|Any CPU.Build.0 = Debug|Any CPU
		{82B93D8E-08B8-4264-ADC1-6CFC68EAFEB5}.Release|Any CPU.ActiveCfg = Release|Any CPU
		{82B93D8E-08B8-4264-ADC1-6CFC68EAFEB5}.Release|Any CPU.Build.0 = Release|Any CPU
		{238E1F72-C87F-49AB-AE72-CC1FD505BD09}.Debug|Any CPU.ActiveCfg = Debug|Any CPU
		{238E1F72-C87F-49AB-AE72-CC1FD505BD09}.Debug|Any CPU.Build.0 = Debug|Any CPU
		{238E1F72-C87F-49AB-AE72-CC1FD505BD09}.Release|Any CPU.ActiveCfg = Release|Any CPU
		{238E1F72-C87F-49AB-AE72-CC1FD505BD09}.Release|Any CPU.Build.0 = Release|Any CPU
	EndGlobalSection
	GlobalSection(SolutionProperties) = preSolution
		HideSolutionNode = FALSE
	EndGlobalSection
	GlobalSection(ExtensibilityGlobals) = postSolution
		SolutionGuid = {5F498B9B-D1FC-4AEE-8F7E-35D8537ACF23}
	EndGlobalSection
EndGlobal
